// !$*UTF8*$!
{
	archiveVersion = 1;
	classes = {
	};
	objectVersion = 46;
	objects = {

/* Begin PBXBuildFile section */
		DC2721BD160CB0B200D88944 /* Default-568h@2x.png in Resources */ = {isa = PBXBuildFile; fileRef = DC2721BC160CB0B200D88944 /* Default-568h@2x.png */; };
		DC275D2B13B27DBF009C5098 /* Pow.caf in Resources */ = {isa = PBXBuildFile; fileRef = DC275D2A13B27DBF009C5098 /* Pow.caf */; };
		DC275D2C13B27DBF009C5098 /* Pow.caf in Resources */ = {isa = PBXBuildFile; fileRef = DC275D2A13B27DBF009C5098 /* Pow.caf */; };
		DC3C6FCD14B8BFEA00DAD281 /* fps_images-hd.png in Resources */ = {isa = PBXBuildFile; fileRef = DC3C6FCC14B8BFEA00DAD281 /* fps_images-hd.png */; };
		DC3C6FCE14B8BFEA00DAD281 /* fps_images-hd.png in Resources */ = {isa = PBXBuildFile; fileRef = DC3C6FCC14B8BFEA00DAD281 /* fps_images-hd.png */; };
		DC485B1113AA0E5600F2BC70 /* libchipmunk-mac.a in Frameworks */ = {isa = PBXBuildFile; fileRef = DC485B0D13AA0E5600F2BC70 /* libchipmunk-mac.a */; };
		DC485B1713AA0EBB00F2BC70 /* libbox2d-mac.a in Frameworks */ = {isa = PBXBuildFile; fileRef = DC485B1613AA0EBB00F2BC70 /* libbox2d-mac.a */; };
		DC485B4613AA18A600F2BC70 /* libcocosdenshion-mac.a in Frameworks */ = {isa = PBXBuildFile; fileRef = DC485B4513AA18A600F2BC70 /* libcocosdenshion-mac.a */; };
		DC65615C13A969B600A7AC53 /* libbox2d-ios.a in Frameworks */ = {isa = PBXBuildFile; fileRef = DC65615013A969B600A7AC53 /* libbox2d-ios.a */; };
		DC65615D13A969B600A7AC53 /* libchipmunk-ios.a in Frameworks */ = {isa = PBXBuildFile; fileRef = DC65615113A969B600A7AC53 /* libchipmunk-ios.a */; };
		DC65615E13A969B600A7AC53 /* libchipmunk-spacemanager-ios.a in Frameworks */ = {isa = PBXBuildFile; fileRef = DC65615213A969B600A7AC53 /* libchipmunk-spacemanager-ios.a */; };
		DC65616013A969B600A7AC53 /* libcocos2d-extensions-ios.a in Frameworks */ = {isa = PBXBuildFile; fileRef = DC65615413A969B600A7AC53 /* libcocos2d-extensions-ios.a */; };
		DC65616113A969B600A7AC53 /* libcocos2d-ios.a in Frameworks */ = {isa = PBXBuildFile; fileRef = DC65615513A969B600A7AC53 /* libcocos2d-ios.a */; };
		DC65616213A969B600A7AC53 /* libcocos3d-ios.a in Frameworks */ = {isa = PBXBuildFile; fileRef = DC65615613A969B600A7AC53 /* libcocos3d-ios.a */; };
		DC65616313A969B600A7AC53 /* libcocosdenshion-ios.a in Frameworks */ = {isa = PBXBuildFile; fileRef = DC65615713A969B600A7AC53 /* libcocosdenshion-ios.a */; };
		DC65616413A969B600A7AC53 /* libkobold2d-ios.a in Frameworks */ = {isa = PBXBuildFile; fileRef = DC65615813A969B600A7AC53 /* libkobold2d-ios.a */; };
		DC65616513A969B600A7AC53 /* libobjectal-ios.a in Frameworks */ = {isa = PBXBuildFile; fileRef = DC65615913A969B600A7AC53 /* libobjectal-ios.a */; };
		DC65616613A969B600A7AC53 /* libsneakyinput-ios.a in Frameworks */ = {isa = PBXBuildFile; fileRef = DC65615A13A969B600A7AC53 /* libsneakyinput-ios.a */; };
		DC65618615114C6A00E59F8A /* fps_images-ipadhd.png in Resources */ = {isa = PBXBuildFile; fileRef = DC65618515114C6A00E59F8A /* fps_images-ipadhd.png */; };
		DC7038361420FDEA00A64607 /* fire.png in Resources */ = {isa = PBXBuildFile; fileRef = DC7038351420FDEA00A64607 /* fire.png */; };
		DC7038371420FDEA00A64607 /* fire.png in Resources */ = {isa = PBXBuildFile; fileRef = DC7038351420FDEA00A64607 /* fire.png */; };
		DC979E3E13B35F8800656CB9 /* libcocos2d-extensions-mac.a in Frameworks */ = {isa = PBXBuildFile; fileRef = DC979E3D13B35F8800656CB9 /* libcocos2d-extensions-mac.a */; };
		DC979E5A13B3607E00656CB9 /* libchipmunk-spacemanager-mac.a in Frameworks */ = {isa = PBXBuildFile; fileRef = DC979E5913B3607E00656CB9 /* libchipmunk-spacemanager-mac.a */; };
		DCC1A0FA13A94ED5005BD75D /* Default.png in Resources */ = {isa = PBXBuildFile; fileRef = DCC1A0F913A94ED5005BD75D /* Default.png */; };
		DCC1A0FC13A94ED5005BD75D /* fps_images.png in Resources */ = {isa = PBXBuildFile; fileRef = DCC1A0FB13A94ED5005BD75D /* fps_images.png */; };
		DCC1A0FE13A94ED5005BD75D /* Icon-72.png in Resources */ = {isa = PBXBuildFile; fileRef = DCC1A0FD13A94ED5005BD75D /* Icon-72.png */; };
		DCC1A10013A94ED5005BD75D /* Icon-Small-50.png in Resources */ = {isa = PBXBuildFile; fileRef = DCC1A0FF13A94ED5005BD75D /* Icon-Small-50.png */; };
		DCC1A10213A94ED5005BD75D /* Icon-Small.png in Resources */ = {isa = PBXBuildFile; fileRef = DCC1A10113A94ED5005BD75D /* Icon-Small.png */; };
		DCC1A10413A94ED5005BD75D /* Icon-Small@2x.png in Resources */ = {isa = PBXBuildFile; fileRef = DCC1A10313A94ED5005BD75D /* Icon-Small@2x.png */; };
		DCC1A10613A94ED5005BD75D /* Icon.png in Resources */ = {isa = PBXBuildFile; fileRef = DCC1A10513A94ED5005BD75D /* Icon.png */; };
		DCC1A10813A94ED5005BD75D /* Icon@2x.png in Resources */ = {isa = PBXBuildFile; fileRef = DCC1A10713A94ED5005BD75D /* Icon@2x.png */; };
		DCC1A10B13A94ED5005BD75D /* iTunesArtwork in Resources */ = {isa = PBXBuildFile; fileRef = DCC1A10A13A94ED5005BD75D /* iTunesArtwork */; };
		DCC1A26913A94EE6005BD75D /* InfoPlist.strings in Resources */ = {isa = PBXBuildFile; fileRef = DCC1A26713A94EE6005BD75D /* InfoPlist.strings */; };
		DCC1A26C13A94EE6005BD75D /* MainMenu.xib in Resources */ = {isa = PBXBuildFile; fileRef = DCC1A26A13A94EE6005BD75D /* MainMenu.xib */; };
		DCC1A26E13A94EE6005BD75D /* fps_images.png in Resources */ = {isa = PBXBuildFile; fileRef = DCC1A26D13A94EE6005BD75D /* fps_images.png */; };
		DCC1A27013A94EE6005BD75D /* icon.icns in Resources */ = {isa = PBXBuildFile; fileRef = DCC1A26F13A94EE6005BD75D /* icon.icns */; };
		DCC1A3A913A94F1A005BD75D /* AppDelegate.mm in Sources */ = {isa = PBXBuildFile; fileRef = DCC1A38E13A94F1A005BD75D /* AppDelegate.mm */; };
		DCC1A3AA13A94F1A005BD75D /* AppDelegate.mm in Sources */ = {isa = PBXBuildFile; fileRef = DCC1A38E13A94F1A005BD75D /* AppDelegate.mm */; };
		DCC1A3AD13A94F1A005BD75D /* main.m in Sources */ = {isa = PBXBuildFile; fileRef = DCC1A39113A94F1A005BD75D /* main.m */; };
		DCC1A3AE13A94F1A005BD75D /* main.m in Sources */ = {isa = PBXBuildFile; fileRef = DCC1A39113A94F1A005BD75D /* main.m */; };
		DCC1A3AF13A94F1A005BD75D /* config.lua in Resources */ = {isa = PBXBuildFile; fileRef = DCC1A39513A94F1A005BD75D /* config.lua */; };
		DCC1A3B013A94F1A005BD75D /* config.lua in Resources */ = {isa = PBXBuildFile; fileRef = DCC1A39513A94F1A005BD75D /* config.lua */; };
		DCF95CD213A97EC500AE3B80 /* libcocos2d-mac.a in Frameworks */ = {isa = PBXBuildFile; fileRef = DCF95CC913A97EC500AE3B80 /* libcocos2d-mac.a */; };
		DCF95CD413A97EC500AE3B80 /* libkobold2d-mac.a in Frameworks */ = {isa = PBXBuildFile; fileRef = DCF95CCB13A97EC500AE3B80 /* libkobold2d-mac.a */; };
		F304E1491824A86F00783BD3 /* Bullet.mm in Sources */ = {isa = PBXBuildFile; fileRef = F304E1481824A86F00783BD3 /* Bullet.mm */; };
		F32D33A31828AF0E00F1B4BF /* dogofthunder.png in Resources */ = {isa = PBXBuildFile; fileRef = F32D33A11828AF0E00F1B4BF /* dogofthunder.png */; };
		F32D33A41828AF0E00F1B4BF /* thorgitext.png in Resources */ = {isa = PBXBuildFile; fileRef = F32D33A21828AF0E00F1B4BF /* thorgitext.png */; };
		F32D33A81828AF2000F1B4BF /* cat.png in Resources */ = {isa = PBXBuildFile; fileRef = F32D33A61828AF2000F1B4BF /* cat.png */; };
		F32D33AB1828B92B00F1B4BF /* dogofthundertext.png in Resources */ = {isa = PBXBuildFile; fileRef = F32D33AA1828B92B00F1B4BF /* dogofthundertext.png */; };
		F32D33B11828BE0400F1B4BF /* thorgi.png in Resources */ = {isa = PBXBuildFile; fileRef = F32D33B01828BE0400F1B4BF /* thorgi.png */; };
		F32D33B31828CCDB00F1B4BF /* thorgi-med.png in Resources */ = {isa = PBXBuildFile; fileRef = F32D33B21828CCDB00F1B4BF /* thorgi-med.png */; };
		F32D33B618299B7800F1B4BF /* HUDLayer.mm in Sources */ = {isa = PBXBuildFile; fileRef = F32D33B518299B7800F1B4BF /* HUDLayer.mm */; };
		F32D33B81829B4BD00F1B4BF /* heart.png in Resources */ = {isa = PBXBuildFile; fileRef = F32D33B71829B4BD00F1B4BF /* heart.png */; };
		F3356726182B081B001E9A7A /* StarshipThorgi.wav in Resources */ = {isa = PBXBuildFile; fileRef = F3356725182B081B001E9A7A /* StarshipThorgi.wav */; };
		F3356729182B3F21001E9A7A /* Box2DDebugLayer.mm in Sources */ = {isa = PBXBuildFile; fileRef = F3356728182B3F20001E9A7A /* Box2DDebugLayer.mm */; };
		F335672C182B3F30001E9A7A /* GLES-Render.mm in Sources */ = {isa = PBXBuildFile; fileRef = F335672B182B3F30001E9A7A /* GLES-Render.mm */; };
		F3356730182B471B001E9A7A /* spottedcatsprite.plist in Resources */ = {isa = PBXBuildFile; fileRef = F335672D182B471B001E9A7A /* spottedcatsprite.plist */; };
		F3356731182B471B001E9A7A /* spottedcatsprite.png in Resources */ = {isa = PBXBuildFile; fileRef = F335672E182B471B001E9A7A /* spottedcatsprite.png */; };
		F3356732182B471B001E9A7A /* spottedcatsprite.tps in Resources */ = {isa = PBXBuildFile; fileRef = F335672F182B471B001E9A7A /* spottedcatsprite.tps */; };
		F3356737182B860E001E9A7A /* Item.m in Sources */ = {isa = PBXBuildFile; fileRef = F3356736182B860E001E9A7A /* Item.m */; };
		F335673B182B86B5001E9A7A /* pew.wav in Resources */ = {isa = PBXBuildFile; fileRef = F335673A182B86B5001E9A7A /* pew.wav */; };
		F339E3CC1826285F004DFE79 /* button.png in Resources */ = {isa = PBXBuildFile; fileRef = F339E3CB1826285F004DFE79 /* button.png */; };
		F3C94D421823590800D34960 /* background.png in Resources */ = {isa = PBXBuildFile; fileRef = F3C94D411823590800D34960 /* background.png */; };
		F3C94D4B1823668E00D34960 /* background2.png in Resources */ = {isa = PBXBuildFile; fileRef = F3C94D4A1823668D00D34960 /* background2.png */; };
		F3C94D501823734800D34960 /* Cat.mm in Sources */ = {isa = PBXBuildFile; fileRef = F3C94D4F1823734800D34960 /* Cat.mm */; };
		F3C94D531824345100D34960 /* Dog.mm in Sources */ = {isa = PBXBuildFile; fileRef = F3C94D521824345000D34960 /* Dog.mm */; };
		F3C94D5A182449A700D34960 /* StartMenuLayer.mm in Sources */ = {isa = PBXBuildFile; fileRef = F3C94D59182449A700D34960 /* StartMenuLayer.mm */; };
		F3C94D5D182450C700D34960 /* ContactListener.mm in Sources */ = {isa = PBXBuildFile; fileRef = F3C94D5C182450C700D34960 /* ContactListener.mm */; };
		F3D6D9851825881C00B7C77B /* PauseLayer.mm in Sources */ = {isa = PBXBuildFile; fileRef = F3D6D9841825881C00B7C77B /* PauseLayer.mm */; };
		F3E099591824E51D00F9AA2D /* GameOverLayer.mm in Sources */ = {isa = PBXBuildFile; fileRef = F3E099581824E51D00F9AA2D /* GameOverLayer.mm */; };
		F3F5FCDA182662A1009910F9 /* GameLayer.mm in Sources */ = {isa = PBXBuildFile; fileRef = F3F5FCD9182662A1009910F9 /* GameLayer.mm */; };
/* End PBXBuildFile section */

/* Begin PBXFileReference section */
		DC2721BC160CB0B200D88944 /* Default-568h@2x.png */ = {isa = PBXFileReference; lastKnownFileType = image.png; path = "Default-568h@2x.png"; sourceTree = "<group>"; };
		DC275D2A13B27DBF009C5098 /* Pow.caf */ = {isa = PBXFileReference; lastKnownFileType = file; name = Pow.caf; path = Resources/Pow.caf; sourceTree = "<group>"; };
		DC3BE97813B4FB71003739CC /* BuildSettings-iOS.xcconfig */ = {isa = PBXFileReference; lastKnownFileType = text.xcconfig; path = "BuildSettings-iOS.xcconfig"; sourceTree = "<group>"; };
		DC3C6FCC14B8BFEA00DAD281 /* fps_images-hd.png */ = {isa = PBXFileReference; lastKnownFileType = image.png; path = "fps_images-hd.png"; sourceTree = "<group>"; };
		DC485B0D13AA0E5600F2BC70 /* libchipmunk-mac.a */ = {isa = PBXFileReference; explicitFileType = archive.ar; path = "libchipmunk-mac.a"; sourceTree = BUILT_PRODUCTS_DIR; };
		DC485B1613AA0EBB00F2BC70 /* libbox2d-mac.a */ = {isa = PBXFileReference; explicitFileType = archive.ar; path = "libbox2d-mac.a"; sourceTree = BUILT_PRODUCTS_DIR; };
		DC485B4513AA18A600F2BC70 /* libcocosdenshion-mac.a */ = {isa = PBXFileReference; explicitFileType = archive.ar; path = "libcocosdenshion-mac.a"; sourceTree = BUILT_PRODUCTS_DIR; };
		DC65615013A969B600A7AC53 /* libbox2d-ios.a */ = {isa = PBXFileReference; explicitFileType = archive.ar; path = "libbox2d-ios.a"; sourceTree = BUILT_PRODUCTS_DIR; };
		DC65615113A969B600A7AC53 /* libchipmunk-ios.a */ = {isa = PBXFileReference; explicitFileType = archive.ar; path = "libchipmunk-ios.a"; sourceTree = BUILT_PRODUCTS_DIR; };
		DC65615213A969B600A7AC53 /* libchipmunk-spacemanager-ios.a */ = {isa = PBXFileReference; explicitFileType = archive.ar; path = "libchipmunk-spacemanager-ios.a"; sourceTree = BUILT_PRODUCTS_DIR; };
		DC65615413A969B600A7AC53 /* libcocos2d-extensions-ios.a */ = {isa = PBXFileReference; explicitFileType = archive.ar; path = "libcocos2d-extensions-ios.a"; sourceTree = BUILT_PRODUCTS_DIR; };
		DC65615513A969B600A7AC53 /* libcocos2d-ios.a */ = {isa = PBXFileReference; explicitFileType = archive.ar; path = "libcocos2d-ios.a"; sourceTree = BUILT_PRODUCTS_DIR; };
		DC65615613A969B600A7AC53 /* libcocos3d-ios.a */ = {isa = PBXFileReference; explicitFileType = archive.ar; path = "libcocos3d-ios.a"; sourceTree = BUILT_PRODUCTS_DIR; };
		DC65615713A969B600A7AC53 /* libcocosdenshion-ios.a */ = {isa = PBXFileReference; explicitFileType = archive.ar; path = "libcocosdenshion-ios.a"; sourceTree = BUILT_PRODUCTS_DIR; };
		DC65615813A969B600A7AC53 /* libkobold2d-ios.a */ = {isa = PBXFileReference; explicitFileType = archive.ar; path = "libkobold2d-ios.a"; sourceTree = BUILT_PRODUCTS_DIR; };
		DC65615913A969B600A7AC53 /* libobjectal-ios.a */ = {isa = PBXFileReference; explicitFileType = archive.ar; path = "libobjectal-ios.a"; sourceTree = BUILT_PRODUCTS_DIR; };
		DC65615A13A969B600A7AC53 /* libsneakyinput-ios.a */ = {isa = PBXFileReference; explicitFileType = archive.ar; path = "libsneakyinput-ios.a"; sourceTree = BUILT_PRODUCTS_DIR; };
		DC65618515114C6A00E59F8A /* fps_images-ipadhd.png */ = {isa = PBXFileReference; lastKnownFileType = image.png; path = "fps_images-ipadhd.png"; sourceTree = "<group>"; };
		DC7038351420FDEA00A64607 /* fire.png */ = {isa = PBXFileReference; lastKnownFileType = image.png; name = fire.png; path = ../../fire.png; sourceTree = "<group>"; };
		DC979E3D13B35F8800656CB9 /* libcocos2d-extensions-mac.a */ = {isa = PBXFileReference; explicitFileType = archive.ar; path = "libcocos2d-extensions-mac.a"; sourceTree = BUILT_PRODUCTS_DIR; };
		DC979E5913B3607E00656CB9 /* libchipmunk-spacemanager-mac.a */ = {isa = PBXFileReference; explicitFileType = archive.ar; path = "libchipmunk-spacemanager-mac.a"; sourceTree = BUILT_PRODUCTS_DIR; };
		DC9C33E713B5024400931BF2 /* BuildSettings-Debug-Mac.xcconfig */ = {isa = PBXFileReference; lastKnownFileType = text.xcconfig; path = "BuildSettings-Debug-Mac.xcconfig"; sourceTree = "<group>"; };
		DC9C33E813B5024400931BF2 /* BuildSettings-Mac.xcconfig */ = {isa = PBXFileReference; lastKnownFileType = text.xcconfig; path = "BuildSettings-Mac.xcconfig"; sourceTree = "<group>"; };
		DC9C33E913B5024400931BF2 /* BuildSettings-Release-Mac.xcconfig */ = {isa = PBXFileReference; lastKnownFileType = text.xcconfig; path = "BuildSettings-Release-Mac.xcconfig"; sourceTree = "<group>"; };
		DCC1A0E313A94ED5005BD75D /* Thorgi-iOS.app */ = {isa = PBXFileReference; explicitFileType = wrapper.application; includeInIndex = 0; path = "Thorgi-iOS.app"; sourceTree = BUILT_PRODUCTS_DIR; };
		DCC1A0F913A94ED5005BD75D /* Default.png */ = {isa = PBXFileReference; lastKnownFileType = image.png; path = Default.png; sourceTree = "<group>"; };
		DCC1A0FB13A94ED5005BD75D /* fps_images.png */ = {isa = PBXFileReference; lastKnownFileType = image.png; path = fps_images.png; sourceTree = "<group>"; };
		DCC1A0FD13A94ED5005BD75D /* Icon-72.png */ = {isa = PBXFileReference; lastKnownFileType = image.png; path = "Icon-72.png"; sourceTree = "<group>"; };
		DCC1A0FF13A94ED5005BD75D /* Icon-Small-50.png */ = {isa = PBXFileReference; lastKnownFileType = image.png; path = "Icon-Small-50.png"; sourceTree = "<group>"; };
		DCC1A10113A94ED5005BD75D /* Icon-Small.png */ = {isa = PBXFileReference; lastKnownFileType = image.png; path = "Icon-Small.png"; sourceTree = "<group>"; };
		DCC1A10313A94ED5005BD75D /* Icon-Small@2x.png */ = {isa = PBXFileReference; lastKnownFileType = image.png; path = "Icon-Small@2x.png"; sourceTree = "<group>"; };
		DCC1A10513A94ED5005BD75D /* Icon.png */ = {isa = PBXFileReference; lastKnownFileType = image.png; path = Icon.png; sourceTree = "<group>"; };
		DCC1A10713A94ED5005BD75D /* Icon@2x.png */ = {isa = PBXFileReference; lastKnownFileType = image.png; path = "Icon@2x.png"; sourceTree = "<group>"; };
		DCC1A10913A94ED5005BD75D /* Info.plist */ = {isa = PBXFileReference; lastKnownFileType = text.plist.xml; path = Info.plist; sourceTree = "<group>"; };
		DCC1A10A13A94ED5005BD75D /* iTunesArtwork */ = {isa = PBXFileReference; lastKnownFileType = file; path = iTunesArtwork; sourceTree = "<group>"; };
		DCC1A25A13A94EE6005BD75D /* Thorgi-Mac.app */ = {isa = PBXFileReference; explicitFileType = wrapper.application; includeInIndex = 0; path = "Thorgi-Mac.app"; sourceTree = BUILT_PRODUCTS_DIR; };
		DCC1A26813A94EE6005BD75D /* English */ = {isa = PBXFileReference; lastKnownFileType = text.plist.strings; name = English; path = Resources/English.lproj/InfoPlist.strings; sourceTree = "<group>"; };
		DCC1A26B13A94EE6005BD75D /* English */ = {isa = PBXFileReference; lastKnownFileType = file.xib; name = English; path = Resources/English.lproj/MainMenu.xib; sourceTree = "<group>"; };
		DCC1A26D13A94EE6005BD75D /* fps_images.png */ = {isa = PBXFileReference; lastKnownFileType = image.png; name = fps_images.png; path = Resources/fps_images.png; sourceTree = "<group>"; };
		DCC1A26F13A94EE6005BD75D /* icon.icns */ = {isa = PBXFileReference; lastKnownFileType = image.icns; name = icon.icns; path = Resources/icon.icns; sourceTree = "<group>"; };
		DCC1A27113A94EE6005BD75D /* Info.plist */ = {isa = PBXFileReference; lastKnownFileType = text.plist.xml; name = Info.plist; path = Resources/Info.plist; sourceTree = "<group>"; };
		DCC1A38D13A94F1A005BD75D /* AppDelegate.h */ = {isa = PBXFileReference; fileEncoding = 4; lastKnownFileType = sourcecode.c.h; path = AppDelegate.h; sourceTree = "<group>"; };
		DCC1A38E13A94F1A005BD75D /* AppDelegate.mm */ = {isa = PBXFileReference; fileEncoding = 4; lastKnownFileType = sourcecode.cpp.objcpp; path = AppDelegate.mm; sourceTree = "<group>"; };
		DCC1A39113A94F1A005BD75D /* main.m */ = {isa = PBXFileReference; fileEncoding = 4; lastKnownFileType = sourcecode.c.objc; path = main.m; sourceTree = "<group>"; };
		DCC1A39213A94F1A005BD75D /* Prefix-iOS.pch */ = {isa = PBXFileReference; fileEncoding = 4; lastKnownFileType = sourcecode.c.h; path = "Prefix-iOS.pch"; sourceTree = "<group>"; };
		DCC1A39313A94F1A005BD75D /* Prefix-Mac.pch */ = {isa = PBXFileReference; fileEncoding = 4; lastKnownFileType = sourcecode.c.h; path = "Prefix-Mac.pch"; sourceTree = "<group>"; };
		DCC1A39513A94F1A005BD75D /* config.lua */ = {isa = PBXFileReference; explicitFileType = sourcecode.applescript; fileEncoding = 4; path = config.lua; sourceTree = "<group>"; };
		DCF95CC913A97EC500AE3B80 /* libcocos2d-mac.a */ = {isa = PBXFileReference; explicitFileType = archive.ar; path = "libcocos2d-mac.a"; sourceTree = BUILT_PRODUCTS_DIR; };
		DCF95CCB13A97EC500AE3B80 /* libkobold2d-mac.a */ = {isa = PBXFileReference; explicitFileType = archive.ar; path = "libkobold2d-mac.a"; sourceTree = BUILT_PRODUCTS_DIR; };
		DCFA90EF13B4F6F7009DD35A /* BuildSettings-Debug-iOS.xcconfig */ = {isa = PBXFileReference; lastKnownFileType = text.xcconfig; path = "BuildSettings-Debug-iOS.xcconfig"; sourceTree = "<group>"; };
		DCFA90F013B4F811009DD35A /* BuildSettings-Release-iOS.xcconfig */ = {isa = PBXFileReference; lastKnownFileType = text.xcconfig; path = "BuildSettings-Release-iOS.xcconfig"; sourceTree = "<group>"; };
		F304E1471824A86F00783BD3 /* Bullet.h */ = {isa = PBXFileReference; fileEncoding = 4; lastKnownFileType = sourcecode.c.h; path = Bullet.h; sourceTree = "<group>"; };
		F304E1481824A86F00783BD3 /* Bullet.mm */ = {isa = PBXFileReference; fileEncoding = 4; lastKnownFileType = sourcecode.cpp.objcpp; path = Bullet.mm; sourceTree = "<group>"; };
		F32D33A11828AF0E00F1B4BF /* dogofthunder.png */ = {isa = PBXFileReference; lastKnownFileType = image.png; path = dogofthunder.png; sourceTree = "<group>"; };
		F32D33A21828AF0E00F1B4BF /* thorgitext.png */ = {isa = PBXFileReference; lastKnownFileType = image.png; path = thorgitext.png; sourceTree = "<group>"; };
		F32D33A61828AF2000F1B4BF /* cat.png */ = {isa = PBXFileReference; lastKnownFileType = image.png; path = cat.png; sourceTree = "<group>"; };
		F32D33AA1828B92B00F1B4BF /* dogofthundertext.png */ = {isa = PBXFileReference; lastKnownFileType = image.png; path = dogofthundertext.png; sourceTree = "<group>"; };
		F32D33B01828BE0400F1B4BF /* thorgi.png */ = {isa = PBXFileReference; lastKnownFileType = image.png; path = thorgi.png; sourceTree = "<group>"; };
		F32D33B21828CCDB00F1B4BF /* thorgi-med.png */ = {isa = PBXFileReference; lastKnownFileType = image.png; name = "thorgi-med.png"; path = "../../thorgi-med.png"; sourceTree = "<group>"; };
		F32D33B418299B7800F1B4BF /* HUDLayer.h */ = {isa = PBXFileReference; fileEncoding = 4; lastKnownFileType = sourcecode.c.h; path = HUDLayer.h; sourceTree = "<group>"; };
		F32D33B518299B7800F1B4BF /* HUDLayer.mm */ = {isa = PBXFileReference; fileEncoding = 4; lastKnownFileType = sourcecode.cpp.objcpp; path = HUDLayer.mm; sourceTree = "<group>"; };
		F32D33B71829B4BD00F1B4BF /* heart.png */ = {isa = PBXFileReference; lastKnownFileType = image.png; name = heart.png; path = ../../heart.png; sourceTree = "<group>"; };
		F3356725182B081B001E9A7A /* StarshipThorgi.wav */ = {isa = PBXFileReference; lastKnownFileType = audio.wav; name = StarshipThorgi.wav; path = Resources/StarshipThorgi.wav; sourceTree = "<group>"; };
		F3356727182B3F20001E9A7A /* Box2DDebugLayer.h */ = {isa = PBXFileReference; fileEncoding = 4; lastKnownFileType = sourcecode.c.h; path = Box2DDebugLayer.h; sourceTree = "<group>"; };
		F3356728182B3F20001E9A7A /* Box2DDebugLayer.mm */ = {isa = PBXFileReference; fileEncoding = 4; lastKnownFileType = sourcecode.cpp.objcpp; path = Box2DDebugLayer.mm; sourceTree = "<group>"; };
		F335672A182B3F30001E9A7A /* GLES-Render.h */ = {isa = PBXFileReference; fileEncoding = 4; lastKnownFileType = sourcecode.c.h; path = "GLES-Render.h"; sourceTree = "<group>"; };
		F335672B182B3F30001E9A7A /* GLES-Render.mm */ = {isa = PBXFileReference; fileEncoding = 4; lastKnownFileType = sourcecode.cpp.objcpp; path = "GLES-Render.mm"; sourceTree = "<group>"; };
		F335672D182B471B001E9A7A /* spottedcatsprite.plist */ = {isa = PBXFileReference; fileEncoding = 4; lastKnownFileType = text.plist.xml; name = spottedcatsprite.plist; path = ../../spottedcatsprite.plist; sourceTree = "<group>"; };
		F335672E182B471B001E9A7A /* spottedcatsprite.png */ = {isa = PBXFileReference; lastKnownFileType = image.png; name = spottedcatsprite.png; path = ../../spottedcatsprite.png; sourceTree = "<group>"; };
		F335672F182B471B001E9A7A /* spottedcatsprite.tps */ = {isa = PBXFileReference; fileEncoding = 4; lastKnownFileType = text.xml; name = spottedcatsprite.tps; path = ../../spottedcatsprite.tps; sourceTree = "<group>"; };
		F3356735182B860E001E9A7A /* Item.h */ = {isa = PBXFileReference; fileEncoding = 4; lastKnownFileType = sourcecode.c.h; path = Item.h; sourceTree = "<group>"; };
		F3356736182B860E001E9A7A /* Item.m */ = {isa = PBXFileReference; fileEncoding = 4; lastKnownFileType = sourcecode.c.objc; path = Item.m; sourceTree = "<group>"; };
		F335673A182B86B5001E9A7A /* pew.wav */ = {isa = PBXFileReference; lastKnownFileType = audio.wav; path = pew.wav; sourceTree = "<group>"; };
		F339E3CB1826285F004DFE79 /* button.png */ = {isa = PBXFileReference; lastKnownFileType = image.png; name = button.png; path = "../../../../../PeevedPenguins/Projectfiles/Resources/Menu Pack/button.png"; sourceTree = "<group>"; };
		F3C94D411823590800D34960 /* background.png */ = {isa = PBXFileReference; lastKnownFileType = image.png; path = background.png; sourceTree = "<group>"; };
		F3C94D4A1823668D00D34960 /* background2.png */ = {isa = PBXFileReference; lastKnownFileType = image.png; path = background2.png; sourceTree = "<group>"; };
		F3C94D4E1823734800D34960 /* Cat.h */ = {isa = PBXFileReference; fileEncoding = 4; lastKnownFileType = sourcecode.c.h; path = Cat.h; sourceTree = "<group>"; };
		F3C94D4F1823734800D34960 /* Cat.mm */ = {isa = PBXFileReference; fileEncoding = 4; lastKnownFileType = sourcecode.cpp.objcpp; path = Cat.mm; sourceTree = "<group>"; };
		F3C94D511824345000D34960 /* Dog.h */ = {isa = PBXFileReference; fileEncoding = 4; lastKnownFileType = sourcecode.c.h; path = Dog.h; sourceTree = "<group>"; };
		F3C94D521824345000D34960 /* Dog.mm */ = {isa = PBXFileReference; fileEncoding = 4; lastKnownFileType = sourcecode.cpp.objcpp; path = Dog.mm; sourceTree = "<group>"; };
		F3C94D58182449A600D34960 /* StartMenuLayer.h */ = {isa = PBXFileReference; fileEncoding = 4; lastKnownFileType = sourcecode.c.h; path = StartMenuLayer.h; sourceTree = "<group>"; };
		F3C94D59182449A700D34960 /* StartMenuLayer.mm */ = {isa = PBXFileReference; fileEncoding = 4; lastKnownFileType = sourcecode.cpp.objcpp; path = StartMenuLayer.mm; sourceTree = "<group>"; };
		F3C94D5B182450C600D34960 /* ContactListener.h */ = {isa = PBXFileReference; fileEncoding = 4; lastKnownFileType = sourcecode.c.h; path = ContactListener.h; sourceTree = "<group>"; };
		F3C94D5C182450C700D34960 /* ContactListener.mm */ = {isa = PBXFileReference; fileEncoding = 4; lastKnownFileType = sourcecode.cpp.objcpp; path = ContactListener.mm; sourceTree = "<group>"; };
		F3D6D9831825881C00B7C77B /* PauseLayer.h */ = {isa = PBXFileReference; fileEncoding = 4; lastKnownFileType = sourcecode.c.h; path = PauseLayer.h; sourceTree = "<group>"; };
		F3D6D9841825881C00B7C77B /* PauseLayer.mm */ = {isa = PBXFileReference; fileEncoding = 4; lastKnownFileType = sourcecode.cpp.objcpp; path = PauseLayer.mm; sourceTree = "<group>"; };
		F3E099571824E51D00F9AA2D /* GameOverLayer.h */ = {isa = PBXFileReference; fileEncoding = 4; lastKnownFileType = sourcecode.c.h; path = GameOverLayer.h; sourceTree = "<group>"; };
		F3E099581824E51D00F9AA2D /* GameOverLayer.mm */ = {isa = PBXFileReference; fileEncoding = 4; lastKnownFileType = sourcecode.cpp.objcpp; path = GameOverLayer.mm; sourceTree = "<group>"; };
		F3F5FCD8182662A1009910F9 /* GameLayer.h */ = {isa = PBXFileReference; fileEncoding = 4; lastKnownFileType = sourcecode.c.h; path = GameLayer.h; sourceTree = "<group>"; };
		F3F5FCD9182662A1009910F9 /* GameLayer.mm */ = {isa = PBXFileReference; fileEncoding = 4; lastKnownFileType = sourcecode.cpp.objcpp; path = GameLayer.mm; sourceTree = "<group>"; };
/* End PBXFileReference section */

/* Begin PBXFrameworksBuildPhase section */
		DCC1A0E013A94ED5005BD75D /* Frameworks */ = {
			isa = PBXFrameworksBuildPhase;
			buildActionMask = 2147483647;
			files = (
				DC65615C13A969B600A7AC53 /* libbox2d-ios.a in Frameworks */,
				DC65615D13A969B600A7AC53 /* libchipmunk-ios.a in Frameworks */,
				DC65615E13A969B600A7AC53 /* libchipmunk-spacemanager-ios.a in Frameworks */,
				DC65616013A969B600A7AC53 /* libcocos2d-extensions-ios.a in Frameworks */,
				DC65616113A969B600A7AC53 /* libcocos2d-ios.a in Frameworks */,
				DC65616213A969B600A7AC53 /* libcocos3d-ios.a in Frameworks */,
				DC65616313A969B600A7AC53 /* libcocosdenshion-ios.a in Frameworks */,
				DC65616413A969B600A7AC53 /* libkobold2d-ios.a in Frameworks */,
				DC65616513A969B600A7AC53 /* libobjectal-ios.a in Frameworks */,
				DC65616613A969B600A7AC53 /* libsneakyinput-ios.a in Frameworks */,
			);
			runOnlyForDeploymentPostprocessing = 0;
		};
		DCC1A25713A94EE6005BD75D /* Frameworks */ = {
			isa = PBXFrameworksBuildPhase;
			buildActionMask = 2147483647;
			files = (
				DC979E5A13B3607E00656CB9 /* libchipmunk-spacemanager-mac.a in Frameworks */,
				DC979E3E13B35F8800656CB9 /* libcocos2d-extensions-mac.a in Frameworks */,
				DC485B4613AA18A600F2BC70 /* libcocosdenshion-mac.a in Frameworks */,
				DC485B1713AA0EBB00F2BC70 /* libbox2d-mac.a in Frameworks */,
				DC485B1113AA0E5600F2BC70 /* libchipmunk-mac.a in Frameworks */,
				DCF95CD213A97EC500AE3B80 /* libcocos2d-mac.a in Frameworks */,
				DCF95CD413A97EC500AE3B80 /* libkobold2d-mac.a in Frameworks */,
			);
			runOnlyForDeploymentPostprocessing = 0;
		};
/* End PBXFrameworksBuildPhase section */

/* Begin PBXGroup section */
		DCC1A0D613A94EC0005BD75D = {
			isa = PBXGroup;
			children = (
				DCC1A38C13A94F1A005BD75D /* Projectfiles */,
				DCC1A0F713A94ED5005BD75D /* Projectfiles-iOS */,
				DCC1A26413A94EE6005BD75D /* Projectfiles-Mac */,
				DCFA90ED13B4F6A0009DD35A /* BuildSettings */,
				DCC1A0E613A94ED5005BD75D /* Frameworks */,
				DCC1A0E413A94ED5005BD75D /* Products */,
			);
			sourceTree = "<group>";
		};
		DCC1A0E413A94ED5005BD75D /* Products */ = {
			isa = PBXGroup;
			children = (
				DCC1A0E313A94ED5005BD75D /* Thorgi-iOS.app */,
				DCC1A25A13A94EE6005BD75D /* Thorgi-Mac.app */,
			);
			name = Products;
			sourceTree = "<group>";
		};
		DCC1A0E613A94ED5005BD75D /* Frameworks */ = {
			isa = PBXGroup;
			children = (
			);
			name = Frameworks;
			sourceTree = "<group>";
		};
		DCC1A0F713A94ED5005BD75D /* Projectfiles-iOS */ = {
			isa = PBXGroup;
			children = (
				DCC1A0F813A94ED5005BD75D /* Resources */,
			);
			path = "Projectfiles-iOS";
			sourceTree = "<group>";
		};
		DCC1A0F813A94ED5005BD75D /* Resources */ = {
			isa = PBXGroup;
			children = (
				DC2721BC160CB0B200D88944 /* Default-568h@2x.png */,
				DCC1A0F913A94ED5005BD75D /* Default.png */,
				DCC1A0FB13A94ED5005BD75D /* fps_images.png */,
				DC3C6FCC14B8BFEA00DAD281 /* fps_images-hd.png */,
				DC65618515114C6A00E59F8A /* fps_images-ipadhd.png */,
				DCC1A0FD13A94ED5005BD75D /* Icon-72.png */,
				DCC1A0FF13A94ED5005BD75D /* Icon-Small-50.png */,
				DCC1A10113A94ED5005BD75D /* Icon-Small.png */,
				DCC1A10313A94ED5005BD75D /* Icon-Small@2x.png */,
				DCC1A10513A94ED5005BD75D /* Icon.png */,
				DCC1A10713A94ED5005BD75D /* Icon@2x.png */,
				DCC1A10913A94ED5005BD75D /* Info.plist */,
				DCC1A10A13A94ED5005BD75D /* iTunesArtwork */,
			);
			path = Resources;
			sourceTree = "<group>";
		};
		DCC1A26413A94EE6005BD75D /* Projectfiles-Mac */ = {
			isa = PBXGroup;
			children = (
				DCC1A26513A94EE6005BD75D /* Resources */,
			);
			path = "Projectfiles-Mac";
			sourceTree = "<group>";
		};
		DCC1A26513A94EE6005BD75D /* Resources */ = {
			isa = PBXGroup;
			children = (
				DCC1A26D13A94EE6005BD75D /* fps_images.png */,
				DCC1A26F13A94EE6005BD75D /* icon.icns */,
				DCC1A27113A94EE6005BD75D /* Info.plist */,
				DCC1A26613A94EE6005BD75D /* English.lproj */,
			);
			name = Resources;
			sourceTree = "<group>";
		};
		DCC1A26613A94EE6005BD75D /* English.lproj */ = {
			isa = PBXGroup;
			children = (
				DCC1A26713A94EE6005BD75D /* InfoPlist.strings */,
				DCC1A26A13A94EE6005BD75D /* MainMenu.xib */,
			);
			name = English.lproj;
			sourceTree = "<group>";
		};
		DCC1A38C13A94F1A005BD75D /* Projectfiles */ = {
			isa = PBXGroup;
			children = (
				F3356733182B85B3001E9A7A /* Scenes */,
				F3356738182B8634001E9A7A /* Mechanics */,
				F3356734182B85DA001E9A7A /* Sprites */,
				DCC1A39413A94F1A005BD75D /* Resources */,
				DCC1A3CF13A94F2C005BD75D /* Supporting Files */,
			);
			path = Projectfiles;
			sourceTree = "<group>";
		};
		DCC1A39413A94F1A005BD75D /* Resources */ = {
			isa = PBXGroup;
			children = (
				F3356739182B8668001E9A7A /* Sounds */,
				F335673C182B86D3001E9A7A /* MenuStuff */,
				F32D33A51828AF2000F1B4BF /* Characters */,
				F32D33A01828AF0E00F1B4BF /* Logos */,
				F3C94D4A1823668D00D34960 /* background2.png */,
				F3C94D411823590800D34960 /* background.png */,
				DCC1A39513A94F1A005BD75D /* config.lua */,
			);
			path = Resources;
			sourceTree = "<group>";
		};
		DCC1A3CF13A94F2C005BD75D /* Supporting Files */ = {
			isa = PBXGroup;
			children = (
				DCC1A39213A94F1A005BD75D /* Prefix-iOS.pch */,
				DCC1A39313A94F1A005BD75D /* Prefix-Mac.pch */,
			);
			name = "Supporting Files";
			sourceTree = "<group>";
		};
		DCFA90ED13B4F6A0009DD35A /* BuildSettings */ = {
			isa = PBXGroup;
			children = (
				DCFA90EF13B4F6F7009DD35A /* BuildSettings-Debug-iOS.xcconfig */,
				DCFA90F013B4F811009DD35A /* BuildSettings-Release-iOS.xcconfig */,
				DC3BE97813B4FB71003739CC /* BuildSettings-iOS.xcconfig */,
				DC9C33E713B5024400931BF2 /* BuildSettings-Debug-Mac.xcconfig */,
				DC9C33E913B5024400931BF2 /* BuildSettings-Release-Mac.xcconfig */,
				DC9C33E813B5024400931BF2 /* BuildSettings-Mac.xcconfig */,
			);
			path = BuildSettings;
			sourceTree = "<group>";
		};
		F32D33A01828AF0E00F1B4BF /* Logos */ = {
			isa = PBXGroup;
			children = (
				F32D33A11828AF0E00F1B4BF /* dogofthunder.png */,
				F32D33AA1828B92B00F1B4BF /* dogofthundertext.png */,
				F32D33A21828AF0E00F1B4BF /* thorgitext.png */,
			);
			path = Logos;
			sourceTree = "<group>";
		};
		F32D33A51828AF2000F1B4BF /* Characters */ = {
			isa = PBXGroup;
			children = (
				F335672D182B471B001E9A7A /* spottedcatsprite.plist */,
				F335672E182B471B001E9A7A /* spottedcatsprite.png */,
				F335672F182B471B001E9A7A /* spottedcatsprite.tps */,
				F32D33B21828CCDB00F1B4BF /* thorgi-med.png */,
				F32D33B01828BE0400F1B4BF /* thorgi.png */,
				F32D33A61828AF2000F1B4BF /* cat.png */,
				DC7038351420FDEA00A64607 /* fire.png */,
			);
			name = Characters;
			path = Logos/Characters;
			sourceTree = "<group>";
		};
		F3356733182B85B3001E9A7A /* Scenes */ = {
			isa = PBXGroup;
			children = (
				F3C94D58182449A600D34960 /* StartMenuLayer.h */,
				F3C94D59182449A700D34960 /* StartMenuLayer.mm */,
				F32D33B418299B7800F1B4BF /* HUDLayer.h */,
				F32D33B518299B7800F1B4BF /* HUDLayer.mm */,
				F3E099571824E51D00F9AA2D /* GameOverLayer.h */,
				F3E099581824E51D00F9AA2D /* GameOverLayer.mm */,
				F3D6D9831825881C00B7C77B /* PauseLayer.h */,
				F3D6D9841825881C00B7C77B /* PauseLayer.mm */,
				F3F5FCD8182662A1009910F9 /* GameLayer.h */,
				F3F5FCD9182662A1009910F9 /* GameLayer.mm */,
			);
			name = Scenes;
			sourceTree = "<group>";
		};
		F3356734182B85DA001E9A7A /* Sprites */ = {
			isa = PBXGroup;
			children = (
				F3C94D511824345000D34960 /* Dog.h */,
				F3C94D521824345000D34960 /* Dog.mm */,
				F3C94D4E1823734800D34960 /* Cat.h */,
				F3C94D4F1823734800D34960 /* Cat.mm */,
				F304E1471824A86F00783BD3 /* Bullet.h */,
				F304E1481824A86F00783BD3 /* Bullet.mm */,
				F3356735182B860E001E9A7A /* Item.h */,
				F3356736182B860E001E9A7A /* Item.m */,
			);
			name = Sprites;
			sourceTree = "<group>";
		};
		F3356738182B8634001E9A7A /* Mechanics */ = {
			isa = PBXGroup;
			children = (
				F3C94D5B182450C600D34960 /* ContactListener.h */,
				F3C94D5C182450C700D34960 /* ContactListener.mm */,
				DCC1A39113A94F1A005BD75D /* main.m */,
				DCC1A38D13A94F1A005BD75D /* AppDelegate.h */,
				DCC1A38E13A94F1A005BD75D /* AppDelegate.mm */,
				F3356727182B3F20001E9A7A /* Box2DDebugLayer.h */,
				F3356728182B3F20001E9A7A /* Box2DDebugLayer.mm */,
				F335672A182B3F30001E9A7A /* GLES-Render.h */,
				F335672B182B3F30001E9A7A /* GLES-Render.mm */,
			);
			name = Mechanics;
			sourceTree = "<group>";
		};
		F3356739182B8668001E9A7A /* Sounds */ = {
			isa = PBXGroup;
			children = (
				F335673A182B86B5001E9A7A /* pew.wav */,
				F3356725182B081B001E9A7A /* StarshipThorgi.wav */,
				DC275D2A13B27DBF009C5098 /* Pow.caf */,
			);
			name = Sounds;
			path = ..;
			sourceTree = "<group>";
		};
		F335673C182B86D3001E9A7A /* MenuStuff */ = {
			isa = PBXGroup;
			children = (
				F339E3CB1826285F004DFE79 /* button.png */,
				F32D33B71829B4BD00F1B4BF /* heart.png */,
			);
			name = MenuStuff;
			path = Logos/Characters;
			sourceTree = "<group>";
		};
/* End PBXGroup section */

/* Begin PBXNativeTarget section */
		DCC1A0E213A94ED5005BD75D /* Thorgi-iOS */ = {
			isa = PBXNativeTarget;
			buildConfigurationList = DCC1A25313A94ED7005BD75D /* Build configuration list for PBXNativeTarget "Thorgi-iOS" */;
			buildPhases = (
				DCC1A0DF13A94ED5005BD75D /* Sources */,
				DCC1A0E013A94ED5005BD75D /* Frameworks */,
				DCC1A0E113A94ED5005BD75D /* Resources */,
			);
			buildRules = (
			);
			dependencies = (
			);
			name = "Thorgi-iOS";
			productName = "Hello-World-iOS";
			productReference = DCC1A0E313A94ED5005BD75D /* Thorgi-iOS.app */;
			productType = "com.apple.product-type.application";
		};
		DCC1A25913A94EE6005BD75D /* Thorgi-Mac */ = {
			isa = PBXNativeTarget;
			buildConfigurationList = DCC1A38913A94EE7005BD75D /* Build configuration list for PBXNativeTarget "Thorgi-Mac" */;
			buildPhases = (
				DCC1A25613A94EE6005BD75D /* Sources */,
				DCC1A25713A94EE6005BD75D /* Frameworks */,
				DCC1A25813A94EE6005BD75D /* Resources */,
			);
			buildRules = (
			);
			dependencies = (
			);
			name = "Thorgi-Mac";
			productName = "Hello-World-Mac";
			productReference = DCC1A25A13A94EE6005BD75D /* Thorgi-Mac.app */;
			productType = "com.apple.product-type.application";
		};
/* End PBXNativeTarget section */

/* Begin PBXProject section */
		DCC1A0D813A94EC0005BD75D /* Project object */ = {
			isa = PBXProject;
			attributes = {
				LastUpgradeCheck = 0460;
			};
			buildConfigurationList = DCC1A0DB13A94EC0005BD75D /* Build configuration list for PBXProject "Thorgi" */;
			compatibilityVersion = "Xcode 3.2";
			developmentRegion = English;
			hasScannedForEncodings = 0;
			knownRegions = (
				en,
				English,
			);
			mainGroup = DCC1A0D613A94EC0005BD75D;
			productRefGroup = DCC1A0E413A94ED5005BD75D /* Products */;
			projectDirPath = "";
			projectRoot = "";
			targets = (
				DCC1A0E213A94ED5005BD75D /* Thorgi-iOS */,
				DCC1A25913A94EE6005BD75D /* Thorgi-Mac */,
			);
		};
/* End PBXProject section */

/* Begin PBXResourcesBuildPhase section */
		DCC1A0E113A94ED5005BD75D /* Resources */ = {
			isa = PBXResourcesBuildPhase;
			buildActionMask = 2147483647;
			files = (
				DCC1A0FA13A94ED5005BD75D /* Default.png in Resources */,
				DCC1A0FC13A94ED5005BD75D /* fps_images.png in Resources */,
				DCC1A0FE13A94ED5005BD75D /* Icon-72.png in Resources */,
				DCC1A10013A94ED5005BD75D /* Icon-Small-50.png in Resources */,
				DCC1A10213A94ED5005BD75D /* Icon-Small.png in Resources */,
				DCC1A10413A94ED5005BD75D /* Icon-Small@2x.png in Resources */,
				DCC1A10613A94ED5005BD75D /* Icon.png in Resources */,
				DCC1A10813A94ED5005BD75D /* Icon@2x.png in Resources */,
				DCC1A10B13A94ED5005BD75D /* iTunesArtwork in Resources */,
				DCC1A3AF13A94F1A005BD75D /* config.lua in Resources */,
				DC275D2B13B27DBF009C5098 /* Pow.caf in Resources */,
				DC7038361420FDEA00A64607 /* fire.png in Resources */,
				DC3C6FCD14B8BFEA00DAD281 /* fps_images-hd.png in Resources */,
				DC65618615114C6A00E59F8A /* fps_images-ipadhd.png in Resources */,
				DC2721BD160CB0B200D88944 /* Default-568h@2x.png in Resources */,
				F3C94D421823590800D34960 /* background.png in Resources */,
				F3C94D4B1823668E00D34960 /* background2.png in Resources */,
				F339E3CC1826285F004DFE79 /* button.png in Resources */,
				F32D33A31828AF0E00F1B4BF /* dogofthunder.png in Resources */,
				F32D33A41828AF0E00F1B4BF /* thorgitext.png in Resources */,
				F32D33A81828AF2000F1B4BF /* cat.png in Resources */,
				F32D33AB1828B92B00F1B4BF /* dogofthundertext.png in Resources */,
				F32D33B11828BE0400F1B4BF /* thorgi.png in Resources */,
				F32D33B31828CCDB00F1B4BF /* thorgi-med.png in Resources */,
				F32D33B81829B4BD00F1B4BF /* heart.png in Resources */,
				F3356726182B081B001E9A7A /* StarshipThorgi.wav in Resources */,
				F3356730182B471B001E9A7A /* spottedcatsprite.plist in Resources */,
				F3356731182B471B001E9A7A /* spottedcatsprite.png in Resources */,
				F3356732182B471B001E9A7A /* spottedcatsprite.tps in Resources */,
				F335673B182B86B5001E9A7A /* pew.wav in Resources */,
			);
			runOnlyForDeploymentPostprocessing = 0;
		};
		DCC1A25813A94EE6005BD75D /* Resources */ = {
			isa = PBXResourcesBuildPhase;
			buildActionMask = 2147483647;
			files = (
				DCC1A26913A94EE6005BD75D /* InfoPlist.strings in Resources */,
				DCC1A26C13A94EE6005BD75D /* MainMenu.xib in Resources */,
				DCC1A26E13A94EE6005BD75D /* fps_images.png in Resources */,
				DCC1A27013A94EE6005BD75D /* icon.icns in Resources */,
				DCC1A3B013A94F1A005BD75D /* config.lua in Resources */,
				DC275D2C13B27DBF009C5098 /* Pow.caf in Resources */,
				DC7038371420FDEA00A64607 /* fire.png in Resources */,
				DC3C6FCE14B8BFEA00DAD281 /* fps_images-hd.png in Resources */,
			);
			runOnlyForDeploymentPostprocessing = 0;
		};
/* End PBXResourcesBuildPhase section */

/* Begin PBXSourcesBuildPhase section */
		DCC1A0DF13A94ED5005BD75D /* Sources */ = {
			isa = PBXSourcesBuildPhase;
			buildActionMask = 2147483647;
			files = (
				DCC1A3A913A94F1A005BD75D /* AppDelegate.mm in Sources */,
				DCC1A3AD13A94F1A005BD75D /* main.m in Sources */,
				F3C94D501823734800D34960 /* Cat.mm in Sources */,
				F3C94D531824345100D34960 /* Dog.mm in Sources */,
				F3C94D5A182449A700D34960 /* StartMenuLayer.mm in Sources */,
				F3C94D5D182450C700D34960 /* ContactListener.mm in Sources */,
				F304E1491824A86F00783BD3 /* Bullet.mm in Sources */,
				F3E099591824E51D00F9AA2D /* GameOverLayer.mm in Sources */,
				F3D6D9851825881C00B7C77B /* PauseLayer.mm in Sources */,
				F3F5FCDA182662A1009910F9 /* GameLayer.mm in Sources */,
				F32D33B618299B7800F1B4BF /* HUDLayer.mm in Sources */,
				F3356729182B3F21001E9A7A /* Box2DDebugLayer.mm in Sources */,
				F335672C182B3F30001E9A7A /* GLES-Render.mm in Sources */,
				F3356737182B860E001E9A7A /* Item.m in Sources */,
			);
			runOnlyForDeploymentPostprocessing = 0;
		};
		DCC1A25613A94EE6005BD75D /* Sources */ = {
			isa = PBXSourcesBuildPhase;
			buildActionMask = 2147483647;
			files = (
				DCC1A3AA13A94F1A005BD75D /* AppDelegate.mm in Sources */,
				DCC1A3AE13A94F1A005BD75D /* main.m in Sources */,
			);
			runOnlyForDeploymentPostprocessing = 0;
		};
/* End PBXSourcesBuildPhase section */

/* Begin PBXVariantGroup section */
		DCC1A26713A94EE6005BD75D /* InfoPlist.strings */ = {
			isa = PBXVariantGroup;
			children = (
				DCC1A26813A94EE6005BD75D /* English */,
			);
			name = InfoPlist.strings;
			sourceTree = "<group>";
		};
		DCC1A26A13A94EE6005BD75D /* MainMenu.xib */ = {
			isa = PBXVariantGroup;
			children = (
				DCC1A26B13A94EE6005BD75D /* English */,
			);
			name = MainMenu.xib;
			sourceTree = "<group>";
		};
/* End PBXVariantGroup section */

/* Begin XCBuildConfiguration section */
		DCC1A0DD13A94EC0005BD75D /* Debug */ = {
			isa = XCBuildConfiguration;
			buildSettings = {
				"OTHER_CFLAGS[arch=*]" = "-DNS_BLOCK_ASSERTIONS=1";
			};
			name = Debug;
		};
		DCC1A0DE13A94EC0005BD75D /* Release */ = {
			isa = XCBuildConfiguration;
			buildSettings = {
			};
			name = Release;
		};
		DCC1A25413A94ED7005BD75D /* Debug */ = {
			isa = XCBuildConfiguration;
			baseConfigurationReference = DCFA90EF13B4F6F7009DD35A /* BuildSettings-Debug-iOS.xcconfig */;
			buildSettings = {
				CODE_SIGN_IDENTITY = "iPhone Developer: Amy Tang (8Y5Y6AMRP8)";
				"CODE_SIGN_IDENTITY[sdk=iphoneos*]" = "iPhone Developer: Amy Tang (8Y5Y6AMRP8)";
				IPHONEOS_DEPLOYMENT_TARGET = 4.3;
				LIBRARY_SEARCH_PATHS = (
					"$(inherited)",
					"\"$(SRCROOT)/../__Kobold2D__/libs/GoogleAdMobAdsSDK\"",
				);
				PRODUCT_NAME = "Thorgi-iOS";
				PROVISIONING_PROFILE = "44315468-8324-4FE2-8F3A-C9AB5AFE2E67";
				"PROVISIONING_PROFILE[sdk=iphoneos*]" = "44315468-8324-4FE2-8F3A-C9AB5AFE2E67";
				TARGETED_DEVICE_FAMILY = "1,2";
			};
			name = Debug;
		};
		DCC1A25513A94ED7005BD75D /* Release */ = {
			isa = XCBuildConfiguration;
			baseConfigurationReference = DCFA90F013B4F811009DD35A /* BuildSettings-Release-iOS.xcconfig */;
			buildSettings = {
				IPHONEOS_DEPLOYMENT_TARGET = 4.3;
				LIBRARY_SEARCH_PATHS = (
					"$(inherited)",
					"\"$(SRCROOT)/../__Kobold2D__/libs/GoogleAdMobAdsSDK\"",
				);
				PRODUCT_NAME = "Thorgi-iOS";
				TARGETED_DEVICE_FAMILY = "1,2";
			};
			name = Release;
		};
		DCC1A38A13A94EE7005BD75D /* Debug */ = {
			isa = XCBuildConfiguration;
			baseConfigurationReference = DC9C33E713B5024400931BF2 /* BuildSettings-Debug-Mac.xcconfig */;
			buildSettings = {
				COMBINE_HIDPI_IMAGES = YES;
				PRODUCT_NAME = "Thorgi-Mac";
			};
			name = Debug;
		};
		DCC1A38B13A94EE7005BD75D /* Release */ = {
			isa = XCBuildConfiguration;
			baseConfigurationReference = DC9C33E913B5024400931BF2 /* BuildSettings-Release-Mac.xcconfig */;
			buildSettings = {
				COMBINE_HIDPI_IMAGES = YES;
				PRODUCT_NAME = "Thorgi-Mac";
			};
			name = Release;
		};
/* End XCBuildConfiguration section */

/* Begin XCConfigurationList section */
		DCC1A0DB13A94EC0005BD75D /* Build configuration list for PBXProject "Thorgi" */ = {
			isa = XCConfigurationList;
			buildConfigurations = (
				DCC1A0DD13A94EC0005BD75D /* Debug */,
				DCC1A0DE13A94EC0005BD75D /* Release */,
			);
			defaultConfigurationIsVisible = 0;
			defaultConfigurationName = Release;
		};
		DCC1A25313A94ED7005BD75D /* Build configuration list for PBXNativeTarget "Thorgi-iOS" */ = {
			isa = XCConfigurationList;
			buildConfigurations = (
				DCC1A25413A94ED7005BD75D /* Debug */,
				DCC1A25513A94ED7005BD75D /* Release */,
			);
			defaultConfigurationIsVisible = 0;
			defaultConfigurationName = Release;
		};
		DCC1A38913A94EE7005BD75D /* Build configuration list for PBXNativeTarget "Thorgi-Mac" */ = {
			isa = XCConfigurationList;
			buildConfigurations = (
				DCC1A38A13A94EE7005BD75D /* Debug */,
				DCC1A38B13A94EE7005BD75D /* Release */,
			);
			defaultConfigurationIsVisible = 0;
			defaultConfigurationName = Release;
		};
/* End XCConfigurationList section */
	};
	rootObject = DCC1A0D813A94EC0005BD75D /* Project object */;
}
